
Microsoft Visual Studio Solution File, Format Version 12.00
# Visual Studio 14
VisualStudioVersion = 14.0.24720.0
MinimumVisualStudioVersion = 10.0.40219.1
Project("{FAE04EC0-301F-11D3-BF4B-00C04F79EFBC}") = "Process", "Process\Process.csproj", "{D6440157-4486-4B56-9AAD-3A6F626D7B52}"
EndProject
Project("{FAE04EC0-301F-11D3-BF4B-00C04F79EFBC}") = "Messages", "Messages\Messages.csproj", "{1210870C-24D9-437E-8F09-EDBCD711D0C2}"
EndProject
Project("{FAE04EC0-301F-11D3-BF4B-00C04F79EFBC}") = "IntegrationTests", "IntegrationTests\IntegrationTests.csproj", "{FD0E253B-C780-4C0E-A3BA-094E64F8D131}"
EndProject
Global
	GlobalSection(SolutionConfigurationPlatforms) = preSolution
		Debug|Any CPU = Debug|Any CPU
		Release|Any CPU = Release|Any CPU
	EndGlobalSection
	GlobalSection(ProjectConfigurationPlatforms) = postSolution
		{D6440157-4486-4B56-9AAD-3A6F626D7B52}.Debug|Any CPU.ActiveCfg = Debug|Any CPU
		{D6440157-4486-4B56-9AAD-3A6F626D7B52}.Debug|Any CPU.Build.0 = Debug|Any CPU
		{D6440157-4486-4B56-9AAD-3A6F626D7B52}.Release|Any CPU.ActiveCfg = Release|Any CPU
		{D6440157-4486-4B56-9AAD-3A6F626D7B52}.Release|Any CPU.Build.0 = Release|Any CPU
		{1210870C-24D9-437E-8F09-EDBCD711D0C2}.Debug|Any CPU.ActiveCfg = Debug|Any CPU
		{1210870C-24D9-437E-8F09-EDBCD711D0C2}.Debug|Any CPU.Build.0 = Debug|Any CPU
		{1210870C-24D9-437E-8F09-EDBCD711D0C2}.Release|Any CPU.ActiveCfg = Release|Any CPU
		{1210870C-24D9-437E-8F09-EDBCD711D0C2}.Release|Any CPU.Build.0 = Release|Any CPU
		{FD0E253B-C780-4C0E-A3BA-094E64F8D131}.Debug|Any CPU.ActiveCfg = Debug|Any CPU
		{FD0E253B-C780-4C0E-A3BA-094E64F8D131}.Debug|Any CPU.Build.0 = Debug|Any CPU
		{FD0E253B-C780-4C0E-A3BA-094E64F8D131}.Release|Any CPU.ActiveCfg = Release|Any CPU
		{FD0E253B-C780-4C0E-A3BA-094E64F8D131}.Release|Any CPU.Build.0 = Release|Any CPU
	EndGlobalSection
	GlobalSection(SolutionProperties) = preSolution
		HideSolutionNode = FALSE
	EndGlobalSection
EndGlobal
